{
  "name": "gatsby-theme-hello-color",
  "version": "0.0.1",
  "lockfileVersion": 1,
  "requires": true,
  "dependencies": {
    "chroma-js": {
      "version": "2.0.3",
      "resolved": "https://registry.npmjs.org/chroma-js/-/chroma-js-2.0.3.tgz",
      "integrity": "sha512-2kTvZZOFSV1O81/rm99t9vmkh9jQxsHqsRRoZevDVz/VCC3yKMyPuMK8M5yHG+UMg2tV6cRoqtZtgcD92udcBw=="
    },
    "hello-color": {
      "version": "1.0.2-0",
      "resolved": "https://registry.npmjs.org/hello-color/-/hello-color-1.0.2-0.tgz",
      "integrity": "sha512-XZQt6Ro6pZD7bK4vKoqIS02IAohED0Tph6jCWigz/9EVpJ5BCTxswPux/wvsy4xIT9tkeayODPGREk9G2iunrQ==",
      "requires": {
        "chroma-js": "^2.0.3"
      }
    }
  }
}
